// !$*UTF8*$!
{
	archiveVersion = 1;
	classes = {
	};
	objectVersion = 56;
	objects = {

/* Begin PBXBuildFile section */
		127A74C42969C0F400B6F43B /* AppDelegate.swift in Sources */ = {isa = PBXBuildFile; fileRef = 127A74C32969C0F400B6F43B /* AppDelegate.swift */; };
		127A74C62969C0F400B6F43B /* SceneDelegate.swift in Sources */ = {isa = PBXBuildFile; fileRef = 127A74C52969C0F400B6F43B /* SceneDelegate.swift */; };
		127A74C82969C0F400B6F43B /* ViewController.swift in Sources */ = {isa = PBXBuildFile; fileRef = 127A74C72969C0F400B6F43B /* ViewController.swift */; };
		127A74CB2969C0F400B6F43B /* Main.storyboard in Resources */ = {isa = PBXBuildFile; fileRef = 127A74C92969C0F400B6F43B /* Main.storyboard */; };
		127A74CD2969C0F500B6F43B /* Assets.xcassets in Resources */ = {isa = PBXBuildFile; fileRef = 127A74CC2969C0F500B6F43B /* Assets.xcassets */; };
		127A74D02969C0F500B6F43B /* LaunchScreen.storyboard in Resources */ = {isa = PBXBuildFile; fileRef = 127A74CE2969C0F500B6F43B /* LaunchScreen.storyboard */; };
		127A74F42969CA4900B6F43B /* TodoModel.swift in Sources */ = {isa = PBXBuildFile; fileRef = 127A74F32969CA4900B6F43B /* TodoModel.swift */; };
/* End PBXBuildFile section */

/* Begin PBXContainerItemProxy section */
		127A74D72969C0F500B6F43B /* PBXContainerItemProxy */ = {
			isa = PBXContainerItemProxy;
			containerPortal = 127A74B82969C0F400B6F43B /* Project object */;
			proxyType = 1;
			remoteGlobalIDString = 127A74BF2969C0F400B6F43B;
			remoteInfo = NetworkRequestExample;
		};
		127A74E12969C0F500B6F43B /* PBXContainerItemProxy */ = {
			isa = PBXContainerItemProxy;
			containerPortal = 127A74B82969C0F400B6F43B /* Project object */;
			proxyType = 1;
			remoteGlobalIDString = 127A74BF2969C0F400B6F43B;
			remoteInfo = NetworkRequestExample;
		};
/* End PBXContainerItemProxy section */

/* Begin PBXFileReference section */
		127A74C02969C0F400B6F43B /* NetworkRequestExample.app */ = {isa = PBXFileReference; explicitFileType = wrapper.application; includeInIndex = 0; path = NetworkRequestExample.app; sourceTree = BUILT_PRODUCTS_DIR; };
		127A74C32969C0F400B6F43B /* AppDelegate.swift */ = {isa = PBXFileReference; lastKnownFileType = sourcecode.swift; path = AppDelegate.swift; sourceTree = "<group>"; };
		127A74C52969C0F400B6F43B /* SceneDelegate.swift */ = {isa = PBXFileReference; lastKnownFileType = sourcecode.swift; path = SceneDelegate.swift; sourceTree = "<group>"; };
		127A74C72969C0F400B6F43B /* ViewController.swift */ = {isa = PBXFileReference; lastKnownFileType = sourcecode.swift; path = ViewController.swift; sourceTree = "<group>"; };
		127A74CA2969C0F400B6F43B /* Base */ = {isa = PBXFileReference; lastKnownFileType = file.storyboard; name = Base; path = Base.lproj/Main.storyboard; sourceTree = "<group>"; };
		127A74CC2969C0F500B6F43B /* Assets.xcassets */ = {isa = PBXFileReference; lastKnownFileType = folder.assetcatalog; path = Assets.xcassets; sourceTree = "<group>"; };
		127A74CF2969C0F500B6F43B /* Base */ = {isa = PBXFileReference; lastKnownFileType = file.storyboard; name = Base; path = Base.lproj/LaunchScreen.storyboard; sourceTree = "<group>"; };
		127A74D12969C0F500B6F43B /* Info.plist */ = {isa = PBXFileReference; lastKnownFileType = text.plist.xml; path = Info.plist; sourceTree = "<group>"; };
		127A74D62969C0F500B6F43B /* NetworkRequestExampleTests.xctest */ = {isa = PBXFileReference; explicitFileType = wrapper.cfbundle; includeInIndex = 0; path = NetworkRequestExampleTests.xctest; sourceTree = BUILT_PRODUCTS_DIR; };
		127A74E02969C0F500B6F43B /* NetworkRequestExampleUITests.xctest */ = {isa = PBXFileReference; explicitFileType = wrapper.cfbundle; includeInIndex = 0; path = NetworkRequestExampleUITests.xctest; sourceTree = BUILT_PRODUCTS_DIR; };
		127A74F32969CA4900B6F43B /* TodoModel.swift */ = {isa = PBXFileReference; lastKnownFileType = sourcecode.swift; path = TodoModel.swift; sourceTree = "<group>"; };
/* End PBXFileReference section */

/* Begin PBXFrameworksBuildPhase section */
		127A74BD2969C0F400B6F43B /* Frameworks */ = {
			isa = PBXFrameworksBuildPhase;
			buildActionMask = 2147483647;
			files = (
			);
			runOnlyForDeploymentPostprocessing = 0;
		};
		127A74D32969C0F500B6F43B /* Frameworks */ = {
			isa = PBXFrameworksBuildPhase;
			buildActionMask = 2147483647;
			files = (
			);
			runOnlyForDeploymentPostprocessing = 0;
		};
		127A74DD2969C0F500B6F43B /* Frameworks */ = {
			isa = PBXFrameworksBuildPhase;
			buildActionMask = 2147483647;
			files = (
			);
			runOnlyForDeploymentPostprocessing = 0;
		};
/* End PBXFrameworksBuildPhase section */

/* Begin PBXGroup section */
		127A74B72969C0F400B6F43B = {
			isa = PBXGroup;
			children = (
				127A74C22969C0F400B6F43B /* NetworkRequestExample */,
				127A74C12969C0F400B6F43B /* Products */,
			);
			sourceTree = "<group>";
		};
		127A74C12969C0F400B6F43B /* Products */ = {
			isa = PBXGroup;
			children = (
				127A74C02969C0F400B6F43B /* NetworkRequestExample.app */,
				127A74D62969C0F500B6F43B /* NetworkRequestExampleTests.xctest */,
				127A74E02969C0F500B6F43B /* NetworkRequestExampleUITests.xctest */,
			);
			name = Products;
			sourceTree = "<group>";
		};
		127A74C22969C0F400B6F43B /* NetworkRequestExample */ = {
			isa = PBXGroup;
			children = (
				127A74C32969C0F400B6F43B /* AppDelegate.swift */,
				127A74C52969C0F400B6F43B /* SceneDelegate.swift */,
				127A74C72969C0F400B6F43B /* ViewController.swift */,
				127A74C92969C0F400B6F43B /* Main.storyboard */,
				127A74CC2969C0F500B6F43B /* Assets.xcassets */,
				127A74CE2969C0F500B6F43B /* LaunchScreen.storyboard */,
				127A74D12969C0F500B6F43B /* Info.plist */,
				127A74F32969CA4900B6F43B /* TodoModel.swift */,
			);
			path = NetworkRequestExample;
			sourceTree = "<group>";
		};
/* End PBXGroup section */

/* Begin PBXNativeTarget section */
		127A74BF2969C0F400B6F43B /* NetworkRequestExample */ = {
			isa = PBXNativeTarget;
			buildConfigurationList = 127A74EA2969C0F500B6F43B /* Build configuration list for PBXNativeTarget "NetworkRequestExample" */;
			buildPhases = (
				127A74BC2969C0F400B6F43B /* Sources */,
				127A74BD2969C0F400B6F43B /* Frameworks */,
				127A74BE2969C0F400B6F43B /* Resources */,
			);
			buildRules = (
			);
			dependencies = (
			);
			name = NetworkRequestExample;
			productName = NetworkRequestExample;
			productReference = 127A74C02969C0F400B6F43B /* NetworkRequestExample.app */;
			productType = "com.apple.product-type.application";
		};
		127A74D52969C0F500B6F43B /* NetworkRequestExampleTests */ = {
			isa = PBXNativeTarget;
			buildConfigurationList = 127A74ED2969C0F500B6F43B /* Build configuration list for PBXNativeTarget "NetworkRequestExampleTests" */;
			buildPhases = (
				127A74D22969C0F500B6F43B /* Sources */,
				127A74D32969C0F500B6F43B /* Frameworks */,
				127A74D42969C0F500B6F43B /* Resources */,
			);
			buildRules = (
			);
			dependencies = (
				127A74D82969C0F500B6F43B /* PBXTargetDependency */,
			);
			name = NetworkRequestExampleTests;
			productName = NetworkRequestExampleTests;
			productReference = 127A74D62969C0F500B6F43B /* NetworkRequestExampleTests.xctest */;
			productType = "com.apple.product-type.bundle.unit-test";
		};
		127A74DF2969C0F500B6F43B /* NetworkRequestExampleUITests */ = {
			isa = PBXNativeTarget;
			buildConfigurationList = 127A74F02969C0F500B6F43B /* Build configuration list for PBXNativeTarget "NetworkRequestExampleUITests" */;
			buildPhases = (
				127A74DC2969C0F500B6F43B /* Sources */,
				127A74DD2969C0F500B6F43B /* Frameworks */,
				127A74DE2969C0F500B6F43B /* Resources */,
			);
			buildRules = (
			);
			dependencies = (
				127A74E22969C0F500B6F43B /* PBXTargetDependency */,
			);
			name = NetworkRequestExampleUITests;
			productName = NetworkRequestExampleUITests;
			productReference = 127A74E02969C0F500B6F43B /* NetworkRequestExampleUITests.xctest */;
			productType = "com.apple.product-type.bundle.ui-testing";
		};
/* End PBXNativeTarget section */

/* Begin PBXProject section */
		127A74B82969C0F400B6F43B /* Project object */ = {
			isa = PBXProject;
			attributes = {
				BuildIndependentTargetsInParallel = 1;
				LastSwiftUpdateCheck = 1420;
				LastUpgradeCheck = 1420;
				TargetAttributes = {
					127A74BF2969C0F400B6F43B = {
						CreatedOnToolsVersion = 14.2;
					};
					127A74D52969C0F500B6F43B = {
						CreatedOnToolsVersion = 14.2;
						TestTargetID = 127A74BF2969C0F400B6F43B;
					};
					127A74DF2969C0F500B6F43B = {
						CreatedOnToolsVersion = 14.2;
						TestTargetID = 127A74BF2969C0F400B6F43B;
					};
				};
			};
			buildConfigurationList = 127A74BB2969C0F400B6F43B /* Build configuration list for PBXProject "NetworkRequestExample" */;
			compatibilityVersion = "Xcode 14.0";
			developmentRegion = en;
			hasScannedForEncodings = 0;
			knownRegions = (
				en,
				Base,
			);
			mainGroup = 127A74B72969C0F400B6F43B;
			productRefGroup = 127A74C12969C0F400B6F43B /* Products */;
			projectDirPath = "";
			projectRoot = "";
			targets = (
				127A74BF2969C0F400B6F43B /* NetworkRequestExample */,
				127A74D52969C0F500B6F43B /* NetworkRequestExampleTests */,
				127A74DF2969C0F500B6F43B /* NetworkRequestExampleUITests */,
			);
		};
/* End PBXProject section */

/* Begin PBXResourcesBuildPhase section */
		127A74BE2969C0F400B6F43B /* Resources */ = {
			isa = PBXResourcesBuildPhase;
			buildActionMask = 2147483647;
			files = (
				127A74D02969C0F500B6F43B /* LaunchScreen.storyboard in Resources */,
				127A74CD2969C0F500B6F43B /* Assets.xcassets in Resources */,
				127A74CB2969C0F400B6F43B /* Main.storyboard in Resources */,
			);
			runOnlyForDeploymentPostprocessing = 0;
		};
		127A74D42969C0F500B6F43B /* Resources */ = {
			isa = PBXResourcesBuildPhase;
			buildActionMask = 2147483647;
			files = (
			);
			runOnlyForDeploymentPostprocessing = 0;
		};
		127A74DE2969C0F500B6F43B /* Resources */ = {
			isa = PBXResourcesBuildPhase;
			buildActionMask = 2147483647;
			files = (
			);
			runOnlyForDeploymentPostprocessing = 0;
		};
/* End PBXResourcesBuildPhase section */

/* Begin PBXSourcesBuildPhase section */
		127A74BC2969C0F400B6F43B /* Sources */ = {
			isa = PBXSourcesBuildPhase;
			buildActionMask = 2147483647;
			files = (
				127A74C82969C0F400B6F43B /* ViewController.swift in Sources */,
				127A74F42969CA4900B6F43B /* TodoModel.swift in Sources */,
				127A74C42969C0F400B6F43B /* AppDelegate.swift in Sources */,
				127A74C62969C0F400B6F43B /* SceneDelegate.swift in Sources */,
			);
			runOnlyForDeploymentPostprocessing = 0;
		};
		127A74D22969C0F500B6F43B /* Sources */ = {
			isa = PBXSourcesBuildPhase;
			buildActionMask = 2147483647;
			files = (
			);
			runOnlyForDeploymentPostprocessing = 0;
		};
		127A74DC2969C0F500B6F43B /* Sources */ = {
			isa = PBXSourcesBuildPhase;
			buildActionMask = 2147483647;
			files = (
			);
			runOnlyForDeploymentPostprocessing = 0;
		};
/* End PBXSourcesBuildPhase section */

/* Begin PBXTargetDependency section */
		127A74D82969C0F500B6F43B /* PBXTargetDependency */ = {
			isa = PBXTargetDependency;
			target = 127A74BF2969C0F400B6F43B /* NetworkRequestExample */;
			targetProxy = 127A74D72969C0F500B6F43B /* PBXContainerItemProxy */;
		};
		127A74E22969C0F500B6F43B /* PBXTargetDependency */ = {
			isa = PBXTargetDependency;
			target = 127A74BF2969C0F400B6F43B /* NetworkRequestExample */;
			targetProxy = 127A74E12969C0F500B6F43B /* PBXContainerItemProxy */;
		};
/* End PBXTargetDependency section */

/* Begin PBXVariantGroup section */
		127A74C92969C0F400B6F43B /* Main.storyboard */ = {
			isa = PBXVariantGroup;
			children = (
				127A74CA2969C0F400B6F43B /* Base */,
			);
			name = Main.storyboard;
			sourceTree = "<group>";
		};
		127A74CE2969C0F500B6F43B /* LaunchScreen.storyboard */ = {
			isa = PBXVariantGroup;
			children = (
				127A74CF2969C0F500B6F43B /* Base */,
			);
			name = LaunchScreen.storyboard;
			sourceTree = "<group>";
		};
/* End PBXVariantGroup section */

/* Begin XCBuildConfiguration section */
		127A74E82969C0F500B6F43B /* Debug */ = {
			isa = XCBuildConfiguration;
			buildSettings = {
				ALWAYS_SEARCH_USER_PATHS = NO;
				CLANG_ANALYZER_NONNULL = YES;
				CLANG_ANALYZER_NUMBER_OBJECT_CONVERSION = YES_AGGRESSIVE;
				CLANG_CXX_LANGUAGE_STANDARD = "gnu++20";
				CLANG_ENABLE_MODULES = YES;
				CLANG_ENABLE_OBJC_ARC = YES;
				CLANG_ENABLE_OBJC_WEAK = YES;
				CLANG_WARN_BLOCK_CAPTURE_AUTORELEASING = YES;
				CLANG_WARN_BOOL_CONVERSION = YES;
				CLANG_WARN_COMMA = YES;
				CLANG_WARN_CONSTANT_CONVERSION = YES;
				CLANG_WARN_DEPRECATED_OBJC_IMPLEMENTATIONS = YES;
				CLANG_WARN_DIRECT_OBJC_ISA_USAGE = YES_ERROR;
				CLANG_WARN_DOCUMENTATION_COMMENTS = YES;
				CLANG_WARN_EMPTY_BODY = YES;
				CLANG_WARN_ENUM_CONVERSION = YES;
				CLANG_WARN_INFINITE_RECURSION = YES;
				CLANG_WARN_INT_CONVERSION = YES;
				CLANG_WARN_NON_LITERAL_NULL_CONVERSION = YES;
				CLANG_WARN_OBJC_IMPLICIT_RETAIN_SELF = YES;
				CLANG_WARN_OBJC_LITERAL_CONVERSION = YES;
				CLANG_WARN_OBJC_ROOT_CLASS = YES_ERROR;
				CLANG_WARN_QUOTED_INCLUDE_IN_FRAMEWORK_HEADER = YES;
				CLANG_WARN_RANGE_LOOP_ANALYSIS = YES;
				CLANG_WARN_STRICT_PROTOTYPES = YES;
				CLANG_WARN_SUSPICIOUS_MOVE = YES;
				CLANG_WARN_UNGUARDED_AVAILABILITY = YES_AGGRESSIVE;
				CLANG_WARN_UNREACHABLE_CODE = YES;
				CLANG_WARN__DUPLICATE_METHOD_MATCH = YES;
				COPY_PHASE_STRIP = NO;
				DEBUG_INFORMATION_FORMAT = dwarf;
				ENABLE_STRICT_OBJC_MSGSEND = YES;
				ENABLE_TESTABILITY = YES;
				GCC_C_LANGUAGE_STANDARD = gnu11;
				GCC_DYNAMIC_NO_PIC = NO;
				GCC_NO_COMMON_BLOCKS = YES;
				GCC_OPTIMIZATION_LEVEL = 0;
				GCC_PREPROCESSOR_DEFINITIONS = (
					"DEBUG=1",
					"$(inherited)",
				);
				GCC_WARN_64_TO_32_BIT_CONVERSION = YES;
				GCC_WARN_ABOUT_RETURN_TYPE = YES_ERROR;
				GCC_WARN_UNDECLARED_SELECTOR = YES;
				GCC_WARN_UNINITIALIZED_AUTOS = YES_AGGRESSIVE;
				GCC_WARN_UNUSED_FUNCTION = YES;
				GCC_WARN_UNUSED_VARIABLE = YES;
				IPHONEOS_DEPLOYMENT_TARGET = 16.2;
				MTL_ENABLE_DEBUG_INFO = INCLUDE_SOURCE;
				MTL_FAST_MATH = YES;
				ONLY_ACTIVE_ARCH = YES;
				SDKROOT = iphoneos;
				SWIFT_ACTIVE_COMPILATION_CONDITIONS = DEBUG;
				SWIFT_OPTIMIZATION_LEVEL = "-Onone";
			};
			name = Debug;
		};
		127A74E92969C0F500B6F43B /* Release */ = {
			isa = XCBuildConfiguration;
			buildSettings = {
				ALWAYS_SEARCH_USER_PATHS = NO;
				CLANG_ANALYZER_NONNULL = YES;
				CLANG_ANALYZER_NUMBER_OBJECT_CONVERSION = YES_AGGRESSIVE;
				CLANG_CXX_LANGUAGE_STANDARD = "gnu++20";
				CLANG_ENABLE_MODULES = YES;
				CLANG_ENABLE_OBJC_ARC = YES;
				CLANG_ENABLE_OBJC_WEAK = YES;
				CLANG_WARN_BLOCK_CAPTURE_AUTORELEASING = YES;
				CLANG_WARN_BOOL_CONVERSION = YES;
				CLANG_WARN_COMMA = YES;
				CLANG_WARN_CONSTANT_CONVERSION = YES;
				CLANG_WARN_DEPRECATED_OBJC_IMPLEMENTATIONS = YES;
				CLANG_WARN_DIRECT_OBJC_ISA_USAGE = YES_ERROR;
				CLANG_WARN_DOCUMENTATION_COMMENTS = YES;
				CLANG_WARN_EMPTY_BODY = YES;
				CLANG_WARN_ENUM_CONVERSION = YES;
				CLANG_WARN_INFINITE_RECURSION = YES;
				CLANG_WARN_INT_CONVERSION = YES;
				CLANG_WARN_NON_LITERAL_NULL_CONVERSION = YES;
				CLANG_WARN_OBJC_IMPLICIT_RETAIN_SELF = YES;
				CLANG_WARN_OBJC_LITERAL_CONVERSION = YES;
				CLANG_WARN_OBJC_ROOT_CLASS = YES_ERROR;
				CLANG_WARN_QUOTED_INCLUDE_IN_FRAMEWORK_HEADER = YES;
				CLANG_WARN_RANGE_LOOP_ANALYSIS = YES;
				CLANG_WARN_STRICT_PROTOTYPES = YES;
				CLANG_WARN_SUSPICIOUS_MOVE = YES;
				CLANG_WARN_UNGUARDED_AVAILABILITY = YES_AGGRESSIVE;
				CLANG_WARN_UNREACHABLE_CODE = YES;
				CLANG_WARN__DUPLICATE_METHOD_MATCH = YES;
				COPY_PHASE_STRIP = NO;
				DEBUG_INFORMATION_FORMAT = "dwarf-with-dsym";
				ENABLE_NS_ASSERTIONS = NO;
				ENABLE_STRICT_OBJC_MSGSEND = YES;
				GCC_C_LANGUAGE_STANDARD = gnu11;
				GCC_NO_COMMON_BLOCKS = YES;
				GCC_WARN_64_TO_32_BIT_CONVERSION = YES;
				GCC_WARN_ABOUT_RETURN_TYPE = YES_ERROR;
				GCC_WARN_UNDECLARED_SELECTOR = YES;
				GCC_WARN_UNINITIALIZED_AUTOS = YES_AGGRESSIVE;
				GCC_WARN_UNUSED_FUNCTION = YES;
				GCC_WARN_UNUSED_VARIABLE = YES;
				IPHONEOS_DEPLOYMENT_TARGET = 16.2;
				MTL_ENABLE_DEBUG_INFO = NO;
				MTL_FAST_MATH = YES;
				SDKROOT = iphoneos;
				SWIFT_COMPILATION_MODE = wholemodule;
				SWIFT_OPTIMIZATION_LEVEL = "-O";
				VALIDATE_PRODUCT = YES;
			};
			name = Release;
		};
		127A74EB2969C0F500B6F43B /* Debug */ = {
			isa = XCBuildConfiguration;
			buildSettings = {
				ASSETCATALOG_COMPILER_APPICON_NAME = AppIcon;
				ASSETCATALOG_COMPILER_GLOBAL_ACCENT_COLOR_NAME = AccentColor;
				CODE_SIGN_STYLE = Automatic;
				CURRENT_PROJECT_VERSION = 1;
				DEVELOPMENT_TEAM = 2T78BG3872;
				GENERATE_INFOPLIST_FILE = YES;
				INFOPLIST_FILE = NetworkRequestExample/Info.plist;
				INFOPLIST_KEY_UIApplicationSupportsIndirectInputEvents = YES;
				INFOPLIST_KEY_UILaunchStoryboardName = LaunchScreen;
				INFOPLIST_KEY_UIMainStoryboardFile = Main;
				INFOPLIST_KEY_UISupportedInterfaceOrientations_iPad = "UIInterfaceOrientationPortrait UIInterfaceOrientationPortraitUpsideDown UIInterfaceOrientationLandscapeLeft UIInterfaceOrientationLandscapeRight";
				INFOPLIST_KEY_UISupportedInterfaceOrientations_iPhone = "UIInterfaceOrientationPortrait UIInterfaceOrientationLandscapeLeft UIInterfaceOrientationLandscapeRight";
				LD_RUNPATH_SEARCH_PATHS = (
					"$(inherited)",
					"@executable_path/Frameworks",
				);
				MARKETING_VERSION = 1.0;
				PRODUCT_BUNDLE_IDENTIFIER = com.ahmetbugraozcan.NetworkRequestExample;
				PRODUCT_NAME = "$(TARGET_NAME)";
				SWIFT_EMIT_LOC_STRINGS = YES;
				SWIFT_VERSION = 5.0;
				TARGETED_DEVICE_FAMILY = "1,2";
			};
			name = Debug;
		};
		127A74EC2969C0F500B6F43B /* Release */ = {
			isa = XCBuildConfiguration;
			buildSettings = {
				ASSETCATALOG_COMPILER_APPICON_NAME = AppIcon;
				ASSETCATALOG_COMPILER_GLOBAL_ACCENT_COLOR_NAME = AccentColor;
				CODE_SIGN_STYLE = Automatic;
				CURRENT_PROJECT_VERSION = 1;
				DEVELOPMENT_TEAM = 2T78BG3872;
				GENERATE_INFOPLIST_FILE = YES;
				INFOPLIST_FILE = NetworkRequestExample/Info.plist;
				INFOPLIST_KEY_UIApplicationSupportsIndirectInputEvents = YES;
				INFOPLIST_KEY_UILaunchStoryboardName = LaunchScreen;
				INFOPLIST_KEY_UIMainStoryboardFile = Main;
				INFOPLIST_KEY_UISupportedInterfaceOrientations_iPad = "UIInterfaceOrientationPortrait UIInterfaceOrientationPortraitUpsideDown UIInterfaceOrientationLandscapeLeft UIInterfaceOrientationLandscapeRight";
				INFOPLIST_KEY_UISupportedInterfaceOrientations_iPhone = "UIInterfaceOrientationPortrait UIInterfaceOrientationLandscapeLeft UIInterfaceOrientationLandscapeRight";
				LD_RUNPATH_SEARCH_PATHS = (
					"$(inherited)",
					"@executable_path/Frameworks",
				);
				MARKETING_VERSION = 1.0;
				PRODUCT_BUNDLE_IDENTIFIER = com.ahmetbugraozcan.NetworkRequestExample;
				PRODUCT_NAME = "$(TARGET_NAME)";
				SWIFT_EMIT_LOC_STRINGS = YES;
				SWIFT_VERSION = 5.0;
				TARGETED_DEVICE_FAMILY = "1,2";
			};
			name = Release;
		};
		127A74EE2969C0F500B6F43B /* Debug */ = {
			isa = XCBuildConfiguration;
			buildSettings = {
				ALWAYS_EMBED_SWIFT_STANDARD_LIBRARIES = YES;
				BUNDLE_LOADER = "$(TEST_HOST)";
				CODE_SIGN_STYLE = Automatic;
				CURRENT_PROJECT_VERSION = 1;
				DEVELOPMENT_TEAM = 2T78BG3872;
				GENERATE_INFOPLIST_FILE = YES;
				IPHONEOS_DEPLOYMENT_TARGET = 16.2;
				MARKETING_VERSION = 1.0;
				PRODUCT_BUNDLE_IDENTIFIER = com.ahmetbugraozcan.NetworkRequestExampleTests;
				PRODUCT_NAME = "$(TARGET_NAME)";
				SWIFT_EMIT_LOC_STRINGS = NO;
				SWIFT_VERSION = 5.0;
				TARGETED_DEVICE_FAMILY = "1,2";
				TEST_HOST = "$(BUILT_PRODUCTS_DIR)/NetworkRequestExample.app/$(BUNDLE_EXECUTABLE_FOLDER_PATH)/NetworkRequestExample";
			};
			name = Debug;
		};
		127A74EF2969C0F500B6F43B /* Release */ = {
			isa = XCBuildConfiguration;
			buildSettings = {
				ALWAYS_EMBED_SWIFT_STANDARD_LIBRARIES = YES;
				BUNDLE_LOADER = "$(TEST_HOST)";
				CODE_SIGN_STYLE = Automatic;
				CURRENT_PROJECT_VERSION = 1;
				DEVELOPMENT_TEAM = 2T78BG3872;
				GENERATE_INFOPLIST_FILE = YES;
				IPHONEOS_DEPLOYMENT_TARGET = 16.2;
				MARKETING_VERSION = 1.0;
				PRODUCT_BUNDLE_IDENTIFIER = com.ahmetbugraozcan.NetworkRequestExampleTests;
				PRODUCT_NAME = "$(TARGET_NAME)";
				SWIFT_EMIT_LOC_STRINGS = NO;
				SWIFT_VERSION = 5.0;
				TARGETED_DEVICE_FAMILY = "1,2";
				TEST_HOST = "$(BUILT_PRODUCTS_DIR)/NetworkRequestExample.app/$(BUNDLE_EXECUTABLE_FOLDER_PATH)/NetworkRequestExample";
			};
			name = Release;
		};
		127A74F12969C0F500B6F43B /* Debug */ = {
			isa = XCBuildConfiguration;
			buildSettings = {
				ALWAYS_EMBED_SWIFT_STANDARD_LIBRARIES = YES;
				CODE_SIGN_STYLE = Automatic;
				CURRENT_PROJECT_VERSION = 1;
				DEVELOPMENT_TEAM = 2T78BG3872;
				GENERATE_INFOPLIST_FILE = YES;
				MARKETING_VERSION = 1.0;
				PRODUCT_BUNDLE_IDENTIFIER = com.ahmetbugraozcan.NetworkRequestExampleUITests;
				PRODUCT_NAME = "$(TARGET_NAME)";
				SWIFT_EMIT_LOC_STRINGS = NO;
				SWIFT_VERSION = 5.0;
				TARGETED_DEVICE_FAMILY = "1,2";
				TEST_TARGET_NAME = NetworkRequestExample;
			};
			name = Debug;
		};
		127A74F22969C0F500B6F43B /* Release */ = {
			isa = XCBuildConfiguration;
			buildSettings = {
				ALWAYS_EMBED_SWIFT_STANDARD_LIBRARIES = YES;
				CODE_SIGN_STYLE = Automatic;
				CURRENT_PROJECT_VERSION = 1;
				DEVELOPMENT_TEAM = 2T78BG3872;
				GENERATE_INFOPLIST_FILE = YES;
				MARKETING_VERSION = 1.0;
				PRODUCT_BUNDLE_IDENTIFIER = com.ahmetbugraozcan.NetworkRequestExampleUITests;
				PRODUCT_NAME = "$(TARGET_NAME)";
				SWIFT_EMIT_LOC_STRINGS = NO;
				SWIFT_VERSION = 5.0;
				TARGETED_DEVICE_FAMILY = "1,2";
				TEST_TARGET_NAME = NetworkRequestExample;
			};
			name = Release;
		};
/* End XCBuildConfiguration section */

/* Begin XCConfigurationList section */
		127A74BB2969C0F400B6F43B /* Build configuration list for PBXProject "NetworkRequestExample" */ = {
			isa = XCConfigurationList;
			buildConfigurations = (
				127A74E82969C0F500B6F43B /* Debug */,
				127A74E92969C0F500B6F43B /* Release */,
			);
			defaultConfigurationIsVisible = 0;
			defaultConfigurationName = Release;
		};
		127A74EA2969C0F500B6F43B /* Build configuration list for PBXNativeTarget "NetworkRequestExample" */ = {
			isa = XCConfigurationList;
			buildConfigurations = (
				127A74EB2969C0F500B6F43B /* Debug */,
				127A74EC2969C0F500B6F43B /* Release */,
			);
			defaultConfigurationIsVisible = 0;
			defaultConfigurationName = Release;
		};
		127A74ED2969C0F500B6F43B /* Build configuration list for PBXNativeTarget "NetworkRequestExampleTests" */ = {
			isa = XCConfigurationList;
			buildConfigurations = (
				127A74EE2969C0F500B6F43B /* Debug */,
				127A74EF2969C0F500B6F43B /* Release */,
			);
			defaultConfigurationIsVisible = 0;
			defaultConfigurationName = Release;
		};
		127A74F02969C0F500B6F43B /* Build configuration list for PBXNativeTarget "NetworkRequestExampleUITests" */ = {
			isa = XCConfigurationList;
			buildConfigurations = (
				127A74F12969C0F500B6F43B /* Debug */,
				127A74F22969C0F500B6F43B /* Release */,
			);
			defaultConfigurationIsVisible = 0;
			defaultConfigurationName = Release;
		};
/* End XCConfigurationList section */
	};
	rootObject = 127A74B82969C0F400B6F43B /* Project object */;
}
